
Microsoft Visual Studio Solution File, Format Version 12.00
# Visual Studio Version 17
VisualStudioVersion = 17.5.002.0
MinimumVisualStudioVersion = 10.0.40219.1
Project("{9A19103F-16F7-4668-BE54-9A1E7A4F7556}") = "BuyUsedCars", "BuyUsedCars.csproj", "{DA238CFB-9819-48D7-8EE4-6FAAC6BA2B1A}"
EndProject
Global
	GlobalSection(SolutionConfigurationPlatforms) = preSolution
		Debug|Any CPU = Debug|Any CPU
		Release|Any CPU = Release|Any CPU
	EndGlobalSection
	GlobalSection(ProjectConfigurationPlatforms) = postSolution
		{DA238CFB-9819-48D7-8EE4-6FAAC6BA2B1A}.Debug|Any CPU.ActiveCfg = Debug|Any CPU
		{DA238CFB-9819-48D7-8EE4-6FAAC6BA2B1A}.Debug|Any CPU.Build.0 = Debug|Any CPU
		{DA238CFB-9819-48D7-8EE4-6FAAC6BA2B1A}.Release|Any CPU.ActiveCfg = Release|Any CPU
		{DA238CFB-9819-48D7-8EE4-6FAAC6BA2B1A}.Release|Any CPU.Build.0 = Release|Any CPU
	EndGlobalSection
	GlobalSection(SolutionProperties) = preSolution
		HideSolutionNode = FALSE
	EndGlobalSection
	GlobalSection(ExtensibilityGlobals) = postSolution
		SolutionGuid = {58464EAF-C729-4867-8D53-723E34FF52B5}
	EndGlobalSection
EndGlobal
